
Microsoft Visual Studio Solution File, Format Version 12.00
# Visual Studio Version 16
VisualStudioVersion = 16.0.29403.142
MinimumVisualStudioVersion = 10.0.40219.1
Project("{FAE04EC0-301F-11D3-BF4B-00C04F79EFBC}") = "eHallTools", "eHallTools\eHallTools.csproj", "{96B45C4C-6057-4071-9852-DB93378BB28C}"
EndProject
Global
	GlobalSection(SolutionConfigurationPlatforms) = preSolution
		Debug|Any CPU = Debug|Any CPU
		Release|Any CPU = Release|Any CPU
	EndGlobalSection
	GlobalSection(ProjectConfigurationPlatforms) = postSolution
		{96B45C4C-6057-4071-9852-DB93378BB28C}.Debug|Any CPU.ActiveCfg = Debug|Any CPU
		{96B45C4C-6057-4071-9852-DB93378BB28C}.Debug|Any CPU.Build.0 = Debug|Any CPU
		{96B45C4C-6057-4071-9852-DB93378BB28C}.Release|Any CPU.ActiveCfg = Release|Any CPU
		{96B45C4C-6057-4071-9852-DB93378BB28C}.Release|Any CPU.Build.0 = Release|Any CPU
	EndGlobalSection
	GlobalSection(SolutionProperties) = preSolution
		HideSolutionNode = FALSE
	EndGlobalSection
	GlobalSection(ExtensibilityGlobals) = postSolution
		SolutionGuid = {F785E8D6-C036-4DE0-9811-0335662B1D9C}
	EndGlobalSection
EndGlobal
